{
  "name": "design-to-code",
  "version": "1.0.0",
  "lockfileVersion": 3,
  "requires": true,
  "packages": {
    "": {
      "name": "design-to-code",
      "version": "1.0.0",
      "dependencies": {
        "@immediate_media/docker-templates": "^5.5.0",
        "@immediate_media/local-reverse-proxy-orchestrator": "^1.3.1",
        "@immediate_media/symfony-pipeline-scripts": "^1.2.4"
      }
    },
    "node_modules/@immediate_media/docker-templates": {
      "version": "5.6.0",
      "resolved": "https://registry.npmjs.org/@immediate_media/docker-templates/-/docker-templates-5.6.0.tgz",
      "integrity": "sha512-dvhjYgcmUPSqH61BRzl0efAfan7k2HnBl5BXBhVTpjWU/8BjpdSXgRS0bbfKYf5pe7Y7Ebj95GgTlxJIzhfP5Q==",
      "license": "UNLICENSED"
    },
    "node_modules/@immediate_media/local-reverse-proxy-orchestrator": {
      "version": "1.3.1",
      "resolved": "https://registry.npmjs.org/@immediate_media/local-reverse-proxy-orchestrator/-/local-reverse-proxy-orchestrator-1.3.1.tgz",
      "integrity": "sha512-/qLc+n/PY33Y61Ey/Q34Ne9royFit8AGlRacj6O80knZdinnl4wKWqxwUiXNrWAddnovt4PbXvYR/Izn34aQEQ==",
      "license": "UNLICENSED",
      "bin": {
        "export-local-ca": "scripts/trust-local-ca.sh",
        "start-reverse-proxy": "scripts/start-reverse-proxy.sh",
        "trust-local-ca": "scripts/trust-local-ca.sh"
      },
      "peerDependencies": {
        "@immediate_media/docker-templates": "^5.1.0"
      }
    },
    "node_modules/@immediate_media/symfony-pipeline-scripts": {
      "version": "1.2.4",
      "resolved": "https://registry.npmjs.org/@immediate_media/symfony-pipeline-scripts/-/symfony-pipeline-scripts-1.2.4.tgz",
      "integrity": "sha512-amMrXSgf12lmK+44en/O0SkN4MrlTA5zfa8p5uWxq3kswlyoXKCJtE/+4NIhe0oXOvSMk/XZy2TZFNk9TytGQQ==",
      "license": "UNLICENSED",
      "bin": {
        "create-auth-files": "bin/create-auth-files.sh",
        "is-container-ready": "bin/is-container-ready.sh",
        "run-tests": "bin/run-tests.sh",
        "update-app-dependencies": "bin/update-app-dependencies.sh"
      }
    }
  }
}
