# THIS IS AN AUTOGENERATED FILE. DO NOT EDIT THIS FILE DIRECTLY.
# yarn lockfile v1


"@immediate_media/docker-templates@^5.1.0", "@immediate_media/docker-templates@^5.5.0":
  version "5.6.0"
  resolved "https://registry.npmjs.org/@immediate_media/docker-templates/-/docker-templates-5.6.0.tgz"
  integrity sha512-dvhjYgcmUPSqH61BRzl0efAfan7k2HnBl5BXBhVTpjWU/8BjpdSXgRS0bbfKYf5pe7Y7Ebj95GgTlxJIzhfP5Q==

"@immediate_media/local-reverse-proxy-orchestrator@^1.3.1":
  version "1.3.1"
  resolved "https://registry.npmjs.org/@immediate_media/local-reverse-proxy-orchestrator/-/local-reverse-proxy-orchestrator-1.3.1.tgz"
  integrity sha512-/qLc+n/PY33Y61Ey/Q34Ne9royFit8AGlRacj6O80knZdinnl4wKWqxwUiXNrWAddnovt4PbXvYR/Izn34aQEQ==

"@immediate_media/symfony-pipeline-scripts@^1.2.4":
  version "1.2.4"
  resolved "https://registry.npmjs.org/@immediate_media/symfony-pipeline-scripts/-/symfony-pipeline-scripts-1.2.4.tgz"
  integrity sha512-amMrXSgf12lmK+44en/O0SkN4MrlTA5zfa8p5uWxq3kswlyoXKCJtE/+4NIhe0oXOvSMk/XZy2TZFNk9TytGQQ==
